
Microsoft Visual Studio Solution File, Format Version 12.00
# Visual Studio 15
VisualStudioVersion = 15.0.28307.168
MinimumVisualStudioVersion = 10.0.40219.1
Project("{FAE04EC0-301F-11D3-BF4B-00C04F79EFBC}") = "Multiplo", "Multiplo\Multiplo.csproj", "{5DC31193-2AF5-436F-ADE9-EF3694F0665A}"
EndProject
Global
	GlobalSection(SolutionConfigurationPlatforms) = preSolution
		Debug|Any CPU = Debug|Any CPU
		Release|Any CPU = Release|Any CPU
	EndGlobalSection
	GlobalSection(ProjectConfigurationPlatforms) = postSolution
		{5DC31193-2AF5-436F-ADE9-EF3694F0665A}.Debug|Any CPU.ActiveCfg = Debug|Any CPU
		{5DC31193-2AF5-436F-ADE9-EF3694F0665A}.Debug|Any CPU.Build.0 = Debug|Any CPU
		{5DC31193-2AF5-436F-ADE9-EF3694F0665A}.Release|Any CPU.ActiveCfg = Release|Any CPU
		{5DC31193-2AF5-436F-ADE9-EF3694F0665A}.Release|Any CPU.Build.0 = Release|Any CPU
	EndGlobalSection
	GlobalSection(SolutionProperties) = preSolution
		HideSolutionNode = FALSE
	EndGlobalSection
	GlobalSection(ExtensibilityGlobals) = postSolution
		SolutionGuid = {15125EDA-2616-450D-91B1-2B5CC9CF8634}
	EndGlobalSection
EndGlobal
